// !$*UTF8*$!
{
	archiveVersion = 1;
	classes = {
	};
	objectVersion = 50;
	objects = {

/* Begin PBXBuildFile section */
		B378EB07233AB7BD00F1233D /* ColorData.swift in Sources */ = {isa = PBXBuildFile; fileRef = B378EB06233AB7BD00F1233D /* ColorData.swift */; };
		B378EB09233ABD1300F1233D /* ColorSelectionView.swift in Sources */ = {isa = PBXBuildFile; fileRef = B378EB08233ABD1300F1233D /* ColorSelectionView.swift */; };
		B37BC45E233A7B2D00F01076 /* AppDelegate.swift in Sources */ = {isa = PBXBuildFile; fileRef = B37BC45D233A7B2D00F01076 /* AppDelegate.swift */; };
		B37BC460233A7B2D00F01076 /* SceneDelegate.swift in Sources */ = {isa = PBXBuildFile; fileRef = B37BC45F233A7B2D00F01076 /* SceneDelegate.swift */; };
		B37BC462233A7B2D00F01076 /* ContentView.swift in Sources */ = {isa = PBXBuildFile; fileRef = B37BC461233A7B2D00F01076 /* ContentView.swift */; };
		B37BC464233A7B2F00F01076 /* Assets.xcassets in Resources */ = {isa = PBXBuildFile; fileRef = B37BC463233A7B2F00F01076 /* Assets.xcassets */; };
		B37BC467233A7B2F00F01076 /* Preview Assets.xcassets in Resources */ = {isa = PBXBuildFile; fileRef = B37BC466233A7B2F00F01076 /* Preview Assets.xcassets */; };
		B37BC46A233A7B2F00F01076 /* LaunchScreen.storyboard in Resources */ = {isa = PBXBuildFile; fileRef = B37BC468233A7B2F00F01076 /* LaunchScreen.storyboard */; };
		B37BC472233A808000F01076 /* Formatter.swift in Sources */ = {isa = PBXBuildFile; fileRef = B37BC471233A808000F01076 /* Formatter.swift */; };
		B37BC474233A814B00F01076 /* ColorSliderView.swift in Sources */ = {isa = PBXBuildFile; fileRef = B37BC473233A814B00F01076 /* ColorSliderView.swift */; };
		B37BC478233A9BAD00F01076 /* HexColorView.swift in Sources */ = {isa = PBXBuildFile; fileRef = B37BC477233A9BAD00F01076 /* HexColorView.swift */; };
/* End PBXBuildFile section */

/* Begin PBXFileReference section */
		B378EB06233AB7BD00F1233D /* ColorData.swift */ = {isa = PBXFileReference; lastKnownFileType = sourcecode.swift; path = ColorData.swift; sourceTree = "<group>"; };
		B378EB08233ABD1300F1233D /* ColorSelectionView.swift */ = {isa = PBXFileReference; lastKnownFileType = sourcecode.swift; path = ColorSelectionView.swift; sourceTree = "<group>"; };
		B37BC45A233A7B2D00F01076 /* ColorConverter.app */ = {isa = PBXFileReference; explicitFileType = wrapper.application; includeInIndex = 0; path = ColorConverter.app; sourceTree = BUILT_PRODUCTS_DIR; };
		B37BC45D233A7B2D00F01076 /* AppDelegate.swift */ = {isa = PBXFileReference; lastKnownFileType = sourcecode.swift; path = AppDelegate.swift; sourceTree = "<group>"; };
		B37BC45F233A7B2D00F01076 /* SceneDelegate.swift */ = {isa = PBXFileReference; lastKnownFileType = sourcecode.swift; path = SceneDelegate.swift; sourceTree = "<group>"; };
		B37BC461233A7B2D00F01076 /* ContentView.swift */ = {isa = PBXFileReference; lastKnownFileType = sourcecode.swift; path = ContentView.swift; sourceTree = "<group>"; };
		B37BC463233A7B2F00F01076 /* Assets.xcassets */ = {isa = PBXFileReference; lastKnownFileType = folder.assetcatalog; path = Assets.xcassets; sourceTree = "<group>"; };
		B37BC466233A7B2F00F01076 /* Preview Assets.xcassets */ = {isa = PBXFileReference; lastKnownFileType = folder.assetcatalog; path = "Preview Assets.xcassets"; sourceTree = "<group>"; };
		B37BC469233A7B2F00F01076 /* Base */ = {isa = PBXFileReference; lastKnownFileType = file.storyboard; name = Base; path = Base.lproj/LaunchScreen.storyboard; sourceTree = "<group>"; };
		B37BC46B233A7B2F00F01076 /* Info.plist */ = {isa = PBXFileReference; lastKnownFileType = text.plist.xml; path = Info.plist; sourceTree = "<group>"; };
		B37BC471233A808000F01076 /* Formatter.swift */ = {isa = PBXFileReference; lastKnownFileType = sourcecode.swift; path = Formatter.swift; sourceTree = "<group>"; };
		B37BC473233A814B00F01076 /* ColorSliderView.swift */ = {isa = PBXFileReference; lastKnownFileType = sourcecode.swift; path = ColorSliderView.swift; sourceTree = "<group>"; };
		B37BC477233A9BAD00F01076 /* HexColorView.swift */ = {isa = PBXFileReference; lastKnownFileType = sourcecode.swift; path = HexColorView.swift; sourceTree = "<group>"; };
/* End PBXFileReference section */

/* Begin PBXFrameworksBuildPhase section */
		B37BC457233A7B2D00F01076 /* Frameworks */ = {
			isa = PBXFrameworksBuildPhase;
			buildActionMask = 2147483647;
			files = (
			);
			runOnlyForDeploymentPostprocessing = 0;
		};
/* End PBXFrameworksBuildPhase section */

/* Begin PBXGroup section */
		B37BC451233A7B2D00F01076 = {
			isa = PBXGroup;
			children = (
				B37BC45C233A7B2D00F01076 /* ColorConverter */,
				B37BC45B233A7B2D00F01076 /* Products */,
			);
			sourceTree = "<group>";
		};
		B37BC45B233A7B2D00F01076 /* Products */ = {
			isa = PBXGroup;
			children = (
				B37BC45A233A7B2D00F01076 /* ColorConverter.app */,
			);
			name = Products;
			sourceTree = "<group>";
		};
		B37BC45C233A7B2D00F01076 /* ColorConverter */ = {
			isa = PBXGroup;
			children = (
				B37BC471233A808000F01076 /* Formatter.swift */,
				B37BC45D233A7B2D00F01076 /* AppDelegate.swift */,
				B37BC45F233A7B2D00F01076 /* SceneDelegate.swift */,
				B378EB06233AB7BD00F1233D /* ColorData.swift */,
				B37BC461233A7B2D00F01076 /* ContentView.swift */,
				B37BC477233A9BAD00F01076 /* HexColorView.swift */,
				B37BC473233A814B00F01076 /* ColorSliderView.swift */,
				B378EB08233ABD1300F1233D /* ColorSelectionView.swift */,
				B37BC463233A7B2F00F01076 /* Assets.xcassets */,
				B37BC468233A7B2F00F01076 /* LaunchScreen.storyboard */,
				B37BC46B233A7B2F00F01076 /* Info.plist */,
				B37BC465233A7B2F00F01076 /* Preview Content */,
			);
			path = ColorConverter;
			sourceTree = "<group>";
		};
		B37BC465233A7B2F00F01076 /* Preview Content */ = {
			isa = PBXGroup;
			children = (
				B37BC466233A7B2F00F01076 /* Preview Assets.xcassets */,
			);
			path = "Preview Content";
			sourceTree = "<group>";
		};
/* End PBXGroup section */

/* Begin PBXNativeTarget section */
		B37BC459233A7B2D00F01076 /* ColorConverter */ = {
			isa = PBXNativeTarget;
			buildConfigurationList = B37BC46E233A7B2F00F01076 /* Build configuration list for PBXNativeTarget "ColorConverter" */;
			buildPhases = (
				B37BC456233A7B2D00F01076 /* Sources */,
				B37BC457233A7B2D00F01076 /* Frameworks */,
				B37BC458233A7B2D00F01076 /* Resources */,
			);
			buildRules = (
			);
			dependencies = (
			);
			name = ColorConverter;
			productName = ColorConverter;
			productReference = B37BC45A233A7B2D00F01076 /* ColorConverter.app */;
			productType = "com.apple.product-type.application";
		};
/* End PBXNativeTarget section */

/* Begin PBXProject section */
		B37BC452233A7B2D00F01076 /* Project object */ = {
			isa = PBXProject;
			attributes = {
				LastSwiftUpdateCheck = 1100;
				LastUpgradeCheck = 1100;
				ORGANIZATIONNAME = Benni;
				TargetAttributes = {
					B37BC459233A7B2D00F01076 = {
						CreatedOnToolsVersion = 11.0;
					};
				};
			};
			buildConfigurationList = B37BC455233A7B2D00F01076 /* Build configuration list for PBXProject "ColorConverter" */;
			compatibilityVersion = "Xcode 9.3";
			developmentRegion = en;
			hasScannedForEncodings = 0;
			knownRegions = (
				en,
				Base,
			);
			mainGroup = B37BC451233A7B2D00F01076;
			productRefGroup = B37BC45B233A7B2D00F01076 /* Products */;
			projectDirPath = "";
			projectRoot = "";
			targets = (
				B37BC459233A7B2D00F01076 /* ColorConverter */,
			);
		};
/* End PBXProject section */

/* Begin PBXResourcesBuildPhase section */
		B37BC458233A7B2D00F01076 /* Resources */ = {
			isa = PBXResourcesBuildPhase;
			buildActionMask = 2147483647;
			files = (
				B37BC46A233A7B2F00F01076 /* LaunchScreen.storyboard in Resources */,
				B37BC467233A7B2F00F01076 /* Preview Assets.xcassets in Resources */,
				B37BC464233A7B2F00F01076 /* Assets.xcassets in Resources */,
			);
			runOnlyForDeploymentPostprocessing = 0;
		};
/* End PBXResourcesBuildPhase section */

/* Begin PBXSourcesBuildPhase section */
		B37BC456233A7B2D00F01076 /* Sources */ = {
			isa = PBXSourcesBuildPhase;
			buildActionMask = 2147483647;
			files = (
				B37BC474233A814B00F01076 /* ColorSliderView.swift in Sources */,
				B37BC45E233A7B2D00F01076 /* AppDelegate.swift in Sources */,
				B37BC460233A7B2D00F01076 /* SceneDelegate.swift in Sources */,
				B378EB09233ABD1300F1233D /* ColorSelectionView.swift in Sources */,
				B378EB07233AB7BD00F1233D /* ColorData.swift in Sources */,
				B37BC472233A808000F01076 /* Formatter.swift in Sources */,
				B37BC462233A7B2D00F01076 /* ContentView.swift in Sources */,
				B37BC478233A9BAD00F01076 /* HexColorView.swift in Sources */,
			);
			runOnlyForDeploymentPostprocessing = 0;
		};
/* End PBXSourcesBuildPhase section */

/* Begin PBXVariantGroup section */
		B37BC468233A7B2F00F01076 /* LaunchScreen.storyboard */ = {
			isa = PBXVariantGroup;
			children = (
				B37BC469233A7B2F00F01076 /* Base */,
			);
			name = LaunchScreen.storyboard;
			sourceTree = "<group>";
		};
/* End PBXVariantGroup section */

/* Begin XCBuildConfiguration section */
		B37BC46C233A7B2F00F01076 /* Debug */ = {
			isa = XCBuildConfiguration;
			buildSettings = {
				ALWAYS_SEARCH_USER_PATHS = NO;
				CLANG_ANALYZER_NONNULL = YES;
				CLANG_ANALYZER_NUMBER_OBJECT_CONVERSION = YES_AGGRESSIVE;
				CLANG_CXX_LANGUAGE_STANDARD = "gnu++14";
				CLANG_CXX_LIBRARY = "libc++";
				CLANG_ENABLE_MODULES = YES;
				CLANG_ENABLE_OBJC_ARC = YES;
				CLANG_ENABLE_OBJC_WEAK = YES;
				CLANG_WARN_BLOCK_CAPTURE_AUTORELEASING = YES;
				CLANG_WARN_BOOL_CONVERSION = YES;
				CLANG_WARN_COMMA = YES;
				CLANG_WARN_CONSTANT_CONVERSION = YES;
				CLANG_WARN_DEPRECATED_OBJC_IMPLEMENTATIONS = YES;
				CLANG_WARN_DIRECT_OBJC_ISA_USAGE = YES_ERROR;
				CLANG_WARN_DOCUMENTATION_COMMENTS = YES;
				CLANG_WARN_EMPTY_BODY = YES;
				CLANG_WARN_ENUM_CONVERSION = YES;
				CLANG_WARN_INFINITE_RECURSION = YES;
				CLANG_WARN_INT_CONVERSION = YES;
				CLANG_WARN_NON_LITERAL_NULL_CONVERSION = YES;
				CLANG_WARN_OBJC_IMPLICIT_RETAIN_SELF = YES;
				CLANG_WARN_OBJC_LITERAL_CONVERSION = YES;
				CLANG_WARN_OBJC_ROOT_CLASS = YES_ERROR;
				CLANG_WARN_RANGE_LOOP_ANALYSIS = YES;
				CLANG_WARN_STRICT_PROTOTYPES = YES;
				CLANG_WARN_SUSPICIOUS_MOVE = YES;
				CLANG_WARN_UNGUARDED_AVAILABILITY = YES_AGGRESSIVE;
				CLANG_WARN_UNREACHABLE_CODE = YES;
				CLANG_WARN__DUPLICATE_METHOD_MATCH = YES;
				COPY_PHASE_STRIP = NO;
				DEBUG_INFORMATION_FORMAT = dwarf;
				ENABLE_STRICT_OBJC_MSGSEND = YES;
				ENABLE_TESTABILITY = YES;
				GCC_C_LANGUAGE_STANDARD = gnu11;
				GCC_DYNAMIC_NO_PIC = NO;
				GCC_NO_COMMON_BLOCKS = YES;
				GCC_OPTIMIZATION_LEVEL = 0;
				GCC_PREPROCESSOR_DEFINITIONS = (
					"DEBUG=1",
					"$(inherited)",
				);
				GCC_WARN_64_TO_32_BIT_CONVERSION = YES;
				GCC_WARN_ABOUT_RETURN_TYPE = YES_ERROR;
				GCC_WARN_UNDECLARED_SELECTOR = YES;
				GCC_WARN_UNINITIALIZED_AUTOS = YES_AGGRESSIVE;
				GCC_WARN_UNUSED_FUNCTION = YES;
				GCC_WARN_UNUSED_VARIABLE = YES;
				IPHONEOS_DEPLOYMENT_TARGET = 13.0;
				MTL_ENABLE_DEBUG_INFO = INCLUDE_SOURCE;
				MTL_FAST_MATH = YES;
				ONLY_ACTIVE_ARCH = YES;
				SDKROOT = iphoneos;
				SWIFT_ACTIVE_COMPILATION_CONDITIONS = DEBUG;
				SWIFT_OPTIMIZATION_LEVEL = "-Onone";
			};
			name = Debug;
		};
		B37BC46D233A7B2F00F01076 /* Release */ = {
			isa = XCBuildConfiguration;
			buildSettings = {
				ALWAYS_SEARCH_USER_PATHS = NO;
				CLANG_ANALYZER_NONNULL = YES;
				CLANG_ANALYZER_NUMBER_OBJECT_CONVERSION = YES_AGGRESSIVE;
				CLANG_CXX_LANGUAGE_STANDARD = "gnu++14";
				CLANG_CXX_LIBRARY = "libc++";
				CLANG_ENABLE_MODULES = YES;
				CLANG_ENABLE_OBJC_ARC = YES;
				CLANG_ENABLE_OBJC_WEAK = YES;
				CLANG_WARN_BLOCK_CAPTURE_AUTORELEASING = YES;
				CLANG_WARN_BOOL_CONVERSION = YES;
				CLANG_WARN_COMMA = YES;
				CLANG_WARN_CONSTANT_CONVERSION = YES;
				CLANG_WARN_DEPRECATED_OBJC_IMPLEMENTATIONS = YES;
				CLANG_WARN_DIRECT_OBJC_ISA_USAGE = YES_ERROR;
				CLANG_WARN_DOCUMENTATION_COMMENTS = YES;
				CLANG_WARN_EMPTY_BODY = YES;
				CLANG_WARN_ENUM_CONVERSION = YES;
				CLANG_WARN_INFINITE_RECURSION = YES;
				CLANG_WARN_INT_CONVERSION = YES;
				CLANG_WARN_NON_LITERAL_NULL_CONVERSION = YES;
				CLANG_WARN_OBJC_IMPLICIT_RETAIN_SELF = YES;
				CLANG_WARN_OBJC_LITERAL_CONVERSION = YES;
				CLANG_WARN_OBJC_ROOT_CLASS = YES_ERROR;
				CLANG_WARN_RANGE_LOOP_ANALYSIS = YES;
				CLANG_WARN_STRICT_PROTOTYPES = YES;
				CLANG_WARN_SUSPICIOUS_MOVE = YES;
				CLANG_WARN_UNGUARDED_AVAILABILITY = YES_AGGRESSIVE;
				CLANG_WARN_UNREACHABLE_CODE = YES;
				CLANG_WARN__DUPLICATE_METHOD_MATCH = YES;
				COPY_PHASE_STRIP = NO;
				DEBUG_INFORMATION_FORMAT = "dwarf-with-dsym";
				ENABLE_NS_ASSERTIONS = NO;
				ENABLE_STRICT_OBJC_MSGSEND = YES;
				GCC_C_LANGUAGE_STANDARD = gnu11;
				GCC_NO_COMMON_BLOCKS = YES;
				GCC_WARN_64_TO_32_BIT_CONVERSION = YES;
				GCC_WARN_ABOUT_RETURN_TYPE = YES_ERROR;
				GCC_WARN_UNDECLARED_SELECTOR = YES;
				GCC_WARN_UNINITIALIZED_AUTOS = YES_AGGRESSIVE;
				GCC_WARN_UNUSED_FUNCTION = YES;
				GCC_WARN_UNUSED_VARIABLE = YES;
				IPHONEOS_DEPLOYMENT_TARGET = 13.0;
				MTL_ENABLE_DEBUG_INFO = NO;
				MTL_FAST_MATH = YES;
				SDKROOT = iphoneos;
				SWIFT_COMPILATION_MODE = wholemodule;
				SWIFT_OPTIMIZATION_LEVEL = "-O";
				VALIDATE_PRODUCT = YES;
			};
			name = Release;
		};
		B37BC46F233A7B2F00F01076 /* Debug */ = {
			isa = XCBuildConfiguration;
			buildSettings = {
				ASSETCATALOG_COMPILER_APPICON_NAME = AppIcon;
				CODE_SIGN_STYLE = Automatic;
				DEVELOPMENT_ASSET_PATHS = "\"ColorConverter/Preview Content\"";
				ENABLE_PREVIEWS = YES;
				INFOPLIST_FILE = ColorConverter/Info.plist;
				LD_RUNPATH_SEARCH_PATHS = (
					"$(inherited)",
					"@executable_path/Frameworks",
				);
				PRODUCT_BUNDLE_IDENTIFIER = de.palasthotel.ColorConverter;
				PRODUCT_NAME = "$(TARGET_NAME)";
				SWIFT_VERSION = 5.0;
				TARGETED_DEVICE_FAMILY = "1,2";
			};
			name = Debug;
		};
		B37BC470233A7B2F00F01076 /* Release */ = {
			isa = XCBuildConfiguration;
			buildSettings = {
				ASSETCATALOG_COMPILER_APPICON_NAME = AppIcon;
				CODE_SIGN_STYLE = Automatic;
				DEVELOPMENT_ASSET_PATHS = "\"ColorConverter/Preview Content\"";
				ENABLE_PREVIEWS = YES;
				INFOPLIST_FILE = ColorConverter/Info.plist;
				LD_RUNPATH_SEARCH_PATHS = (
					"$(inherited)",
					"@executable_path/Frameworks",
				);
				PRODUCT_BUNDLE_IDENTIFIER = de.palasthotel.ColorConverter;
				PRODUCT_NAME = "$(TARGET_NAME)";
				SWIFT_VERSION = 5.0;
				TARGETED_DEVICE_FAMILY = "1,2";
			};
			name = Release;
		};
/* End XCBuildConfiguration section */

/* Begin XCConfigurationList section */
		B37BC455233A7B2D00F01076 /* Build configuration list for PBXProject "ColorConverter" */ = {
			isa = XCConfigurationList;
			buildConfigurations = (
				B37BC46C233A7B2F00F01076 /* Debug */,
				B37BC46D233A7B2F00F01076 /* Release */,
			);
			defaultConfigurationIsVisible = 0;
			defaultConfigurationName = Release;
		};
		B37BC46E233A7B2F00F01076 /* Build configuration list for PBXNativeTarget "ColorConverter" */ = {
			isa = XCConfigurationList;
			buildConfigurations = (
				B37BC46F233A7B2F00F01076 /* Debug */,
				B37BC470233A7B2F00F01076 /* Release */,
			);
			defaultConfigurationIsVisible = 0;
			defaultConfigurationName = Release;
		};
/* End XCConfigurationList section */
	};
	rootObject = B37BC452233A7B2D00F01076 /* Project object */;
}
